
Microsoft Visual Studio Solution File, Format Version 12.00
# Visual Studio Version 17
VisualStudioVersion = 17.0.31919.166
MinimumVisualStudioVersion = 10.0.40219.1
Project("{FAE04EC0-301F-11D3-BF4B-00C04F79EFBC}") = "WpfApp6", "WpfApp6\WpfApp6.csproj", "{FEFD84D4-A41A-4BD5-A640-9274B7D053AE}"
EndProject
Global
	GlobalSection(SolutionConfigurationPlatforms) = preSolution
		Debug|Any CPU = Debug|Any CPU
		Release|Any CPU = Release|Any CPU
	EndGlobalSection
	GlobalSection(ProjectConfigurationPlatforms) = postSolution
		{FEFD84D4-A41A-4BD5-A640-9274B7D053AE}.Debug|Any CPU.ActiveCfg = Debug|Any CPU
		{FEFD84D4-A41A-4BD5-A640-9274B7D053AE}.Debug|Any CPU.Build.0 = Debug|Any CPU
		{FEFD84D4-A41A-4BD5-A640-9274B7D053AE}.Release|Any CPU.ActiveCfg = Release|Any CPU
		{FEFD84D4-A41A-4BD5-A640-9274B7D053AE}.Release|Any CPU.Build.0 = Release|Any CPU
	EndGlobalSection
	GlobalSection(SolutionProperties) = preSolution
		HideSolutionNode = FALSE
	EndGlobalSection
	GlobalSection(ExtensibilityGlobals) = postSolution
		SolutionGuid = {78CD5C10-E46E-4BA9-9F14-E08FC9A85A93}
	EndGlobalSection
EndGlobal
